
Microsoft Visual Studio Solution File, Format Version 12.00
# Visual Studio Version 17
VisualStudioVersion = 17.5.33516.290
MinimumVisualStudioVersion = 10.0.40219.1
Project("{FAE04EC0-301F-11D3-BF4B-00C04F79EFBC}") = "ModAPI", "ModAPI\ModAPI.csproj", "{65DDDAC8-54EA-4116-A53D-05B126FD5A49}"
EndProject
Project("{2150E333-8FDC-42A3-9474-1A3956D46DE8}") = "Solution Items", "Solution Items", "{E47903A3-5A8D-4737-8714-D9254DC62714}"
	ProjectSection(SolutionItems) = preProject
		.editorconfig = .editorconfig
	EndProjectSection
EndProject
Project("{FAE04EC0-301F-11D3-BF4B-00C04F79EFBC}") = "Secure Car Jack", "..\SecureCarJack\Secure Car Jack.csproj", "{310E0B49-FB86-4ACB-B5F7-B415CE36798E}"
	ProjectSection(ProjectDependencies) = postProject
		{65DDDAC8-54EA-4116-A53D-05B126FD5A49} = {65DDDAC8-54EA-4116-A53D-05B126FD5A49}
	EndProjectSection
EndProject
Project("{FAE04EC0-301F-11D3-BF4B-00C04F79EFBC}") = "SecureSpareTire", "..\SecureSpareTire\SecureSpareTire\SecureSpareTire.csproj", "{6BF1117C-58BC-44DB-A992-8232D3086163}"
	ProjectSection(ProjectDependencies) = postProject
		{65DDDAC8-54EA-4116-A53D-05B126FD5A49} = {65DDDAC8-54EA-4116-A53D-05B126FD5A49}
	EndProjectSection
EndProject
Project("{FAE04EC0-301F-11D3-BF4B-00C04F79EFBC}") = "TurboMod", "..\TurboMod\TurboMod\TurboMod.csproj", "{540FF47D-45B0-4A28-99B7-4E35D4EE3110}"
	ProjectSection(ProjectDependencies) = postProject
		{65DDDAC8-54EA-4116-A53D-05B126FD5A49} = {65DDDAC8-54EA-4116-A53D-05B126FD5A49}
	EndProjectSection
EndProject
Project("{FAE04EC0-301F-11D3-BF4B-00C04F79EFBC}") = "JerryCanHolder", "..\JerryCanHolder\JerryCanHolder.csproj", "{DD34738C-55C3-426E-B363-590B2040B8AF}"
	ProjectSection(ProjectDependencies) = postProject
		{65DDDAC8-54EA-4116-A53D-05B126FD5A49} = {65DDDAC8-54EA-4116-A53D-05B126FD5A49}
	EndProjectSection
EndProject
Project("{FAE04EC0-301F-11D3-BF4B-00C04F79EFBC}") = "EnchancedFluidContainers", "..\EnhancedFluidContainers\EnchancedFluidContainers.csproj", "{B8E3794C-D4CB-487D-A121-1B30117D575C}"
	ProjectSection(ProjectDependencies) = postProject
		{65DDDAC8-54EA-4116-A53D-05B126FD5A49} = {65DDDAC8-54EA-4116-A53D-05B126FD5A49}
	EndProjectSection
EndProject
Project("{FAE04EC0-301F-11D3-BF4B-00C04F79EFBC}") = "SecureWarningTriangle", "..\SecureWarningTriangle\SecureWarningTriangle\SecureWarningTriangle.csproj", "{5B6103E6-1AFF-417A-9491-82264B22AC21}"
	ProjectSection(ProjectDependencies) = postProject
		{65DDDAC8-54EA-4116-A53D-05B126FD5A49} = {65DDDAC8-54EA-4116-A53D-05B126FD5A49}
	EndProjectSection
EndProject
Global
	GlobalSection(SolutionConfigurationPlatforms) = preSolution
		Debug|Any CPU = Debug|Any CPU
		Debug|x64 = Debug|x64
		Release|Any CPU = Release|Any CPU
		Release|x64 = Release|x64
	EndGlobalSection
	GlobalSection(ProjectConfigurationPlatforms) = postSolution
		{65DDDAC8-54EA-4116-A53D-05B126FD5A49}.Debug|Any CPU.ActiveCfg = Debug|Any CPU
		{65DDDAC8-54EA-4116-A53D-05B126FD5A49}.Debug|Any CPU.Build.0 = Debug|Any CPU
		{65DDDAC8-54EA-4116-A53D-05B126FD5A49}.Debug|x64.ActiveCfg = Debug|x64
		{65DDDAC8-54EA-4116-A53D-05B126FD5A49}.Debug|x64.Build.0 = Debug|x64
		{65DDDAC8-54EA-4116-A53D-05B126FD5A49}.Release|Any CPU.ActiveCfg = Release|Any CPU
		{65DDDAC8-54EA-4116-A53D-05B126FD5A49}.Release|Any CPU.Build.0 = Release|Any CPU
		{65DDDAC8-54EA-4116-A53D-05B126FD5A49}.Release|x64.ActiveCfg = Release|x64
		{65DDDAC8-54EA-4116-A53D-05B126FD5A49}.Release|x64.Build.0 = Release|x64
		{310E0B49-FB86-4ACB-B5F7-B415CE36798E}.Debug|Any CPU.ActiveCfg = Debug|Any CPU
		{310E0B49-FB86-4ACB-B5F7-B415CE36798E}.Debug|Any CPU.Build.0 = Debug|Any CPU
		{310E0B49-FB86-4ACB-B5F7-B415CE36798E}.Debug|x64.ActiveCfg = Debug|x64
		{310E0B49-FB86-4ACB-B5F7-B415CE36798E}.Debug|x64.Build.0 = Debug|x64
		{310E0B49-FB86-4ACB-B5F7-B415CE36798E}.Release|Any CPU.ActiveCfg = Release|Any CPU
		{310E0B49-FB86-4ACB-B5F7-B415CE36798E}.Release|Any CPU.Build.0 = Release|Any CPU
		{310E0B49-FB86-4ACB-B5F7-B415CE36798E}.Release|x64.ActiveCfg = Release|x64
		{310E0B49-FB86-4ACB-B5F7-B415CE36798E}.Release|x64.Build.0 = Release|x64
		{6BF1117C-58BC-44DB-A992-8232D3086163}.Debug|Any CPU.ActiveCfg = Debug|Any CPU
		{6BF1117C-58BC-44DB-A992-8232D3086163}.Debug|Any CPU.Build.0 = Debug|Any CPU
		{6BF1117C-58BC-44DB-A992-8232D3086163}.Debug|x64.ActiveCfg = Debug|x64
		{6BF1117C-58BC-44DB-A992-8232D3086163}.Debug|x64.Build.0 = Debug|x64
		{6BF1117C-58BC-44DB-A992-8232D3086163}.Release|Any CPU.ActiveCfg = Release|Any CPU
		{6BF1117C-58BC-44DB-A992-8232D3086163}.Release|Any CPU.Build.0 = Release|Any CPU
		{6BF1117C-58BC-44DB-A992-8232D3086163}.Release|x64.ActiveCfg = Release|x64
		{6BF1117C-58BC-44DB-A992-8232D3086163}.Release|x64.Build.0 = Release|x64
		{540FF47D-45B0-4A28-99B7-4E35D4EE3110}.Debug|Any CPU.ActiveCfg = Debug|Any CPU
		{540FF47D-45B0-4A28-99B7-4E35D4EE3110}.Debug|Any CPU.Build.0 = Debug|Any CPU
		{540FF47D-45B0-4A28-99B7-4E35D4EE3110}.Debug|x64.ActiveCfg = Debug|x64
		{540FF47D-45B0-4A28-99B7-4E35D4EE3110}.Debug|x64.Build.0 = Debug|x64
		{540FF47D-45B0-4A28-99B7-4E35D4EE3110}.Release|Any CPU.ActiveCfg = Release|Any CPU
		{540FF47D-45B0-4A28-99B7-4E35D4EE3110}.Release|Any CPU.Build.0 = Release|Any CPU
		{540FF47D-45B0-4A28-99B7-4E35D4EE3110}.Release|x64.ActiveCfg = Release|x64
		{540FF47D-45B0-4A28-99B7-4E35D4EE3110}.Release|x64.Build.0 = Release|x64
		{DD34738C-55C3-426E-B363-590B2040B8AF}.Debug|Any CPU.ActiveCfg = Debug|Any CPU
		{DD34738C-55C3-426E-B363-590B2040B8AF}.Debug|Any CPU.Build.0 = Debug|Any CPU
		{DD34738C-55C3-426E-B363-590B2040B8AF}.Debug|x64.ActiveCfg = Debug|x64
		{DD34738C-55C3-426E-B363-590B2040B8AF}.Debug|x64.Build.0 = Debug|x64
		{DD34738C-55C3-426E-B363-590B2040B8AF}.Release|Any CPU.ActiveCfg = Release|Any CPU
		{DD34738C-55C3-426E-B363-590B2040B8AF}.Release|Any CPU.Build.0 = Release|Any CPU
		{DD34738C-55C3-426E-B363-590B2040B8AF}.Release|x64.ActiveCfg = Release|x64
		{DD34738C-55C3-426E-B363-590B2040B8AF}.Release|x64.Build.0 = Release|x64
		{B8E3794C-D4CB-487D-A121-1B30117D575C}.Debug|Any CPU.ActiveCfg = Debug|Any CPU
		{B8E3794C-D4CB-487D-A121-1B30117D575C}.Debug|Any CPU.Build.0 = Debug|Any CPU
		{B8E3794C-D4CB-487D-A121-1B30117D575C}.Debug|x64.ActiveCfg = Debug|x64
		{B8E3794C-D4CB-487D-A121-1B30117D575C}.Debug|x64.Build.0 = Debug|x64
		{B8E3794C-D4CB-487D-A121-1B30117D575C}.Release|Any CPU.ActiveCfg = Release|Any CPU
		{B8E3794C-D4CB-487D-A121-1B30117D575C}.Release|Any CPU.Build.0 = Release|Any CPU
		{B8E3794C-D4CB-487D-A121-1B30117D575C}.Release|x64.ActiveCfg = Release|x64
		{B8E3794C-D4CB-487D-A121-1B30117D575C}.Release|x64.Build.0 = Release|x64
		{5B6103E6-1AFF-417A-9491-82264B22AC21}.Debug|Any CPU.ActiveCfg = Debug|Any CPU
		{5B6103E6-1AFF-417A-9491-82264B22AC21}.Debug|Any CPU.Build.0 = Debug|Any CPU
		{5B6103E6-1AFF-417A-9491-82264B22AC21}.Debug|x64.ActiveCfg = Debug|x64
		{5B6103E6-1AFF-417A-9491-82264B22AC21}.Debug|x64.Build.0 = Debug|x64
		{5B6103E6-1AFF-417A-9491-82264B22AC21}.Release|Any CPU.ActiveCfg = Release|Any CPU
		{5B6103E6-1AFF-417A-9491-82264B22AC21}.Release|Any CPU.Build.0 = Release|Any CPU
		{5B6103E6-1AFF-417A-9491-82264B22AC21}.Release|x64.ActiveCfg = Release|x64
		{5B6103E6-1AFF-417A-9491-82264B22AC21}.Release|x64.Build.0 = Release|x64
	EndGlobalSection
	GlobalSection(SolutionProperties) = preSolution
		HideSolutionNode = FALSE
	EndGlobalSection
	GlobalSection(ExtensibilityGlobals) = postSolution
		SolutionGuid = {D293642F-11FF-4959-A3DA-F0BEDC36A7FE}
	EndGlobalSection
EndGlobal
