
Microsoft Visual Studio Solution File, Format Version 12.00
# Visual Studio Version 16
VisualStudioVersion = 16.0.28407.52
MinimumVisualStudioVersion = 10.0.40219.1
Project("{FAE04EC0-301F-11D3-BF4B-00C04F79EFBC}") = "ModAPI", "ModAPI\ModAPI.csproj", "{65DDDAC8-54EA-4116-A53D-05B126FD5A49}"
EndProject
Project("{FAE04EC0-301F-11D3-BF4B-00C04F79EFBC}") = "Secure Car Jack", "..\Secure Car Jack\Secure Car Jack.csproj", "{310E0B49-FB86-4ACB-B5F7-B415CE36798E}"
EndProject
Global
	GlobalSection(SolutionConfigurationPlatforms) = preSolution
		AnyCPU|Any CPU = AnyCPU|Any CPU
		Debug|Any CPU = Debug|Any CPU
		Release|Any CPU = Release|Any CPU
	EndGlobalSection
	GlobalSection(ProjectConfigurationPlatforms) = postSolution
		{65DDDAC8-54EA-4116-A53D-05B126FD5A49}.AnyCPU|Any CPU.ActiveCfg = Release|Any CPU
		{65DDDAC8-54EA-4116-A53D-05B126FD5A49}.AnyCPU|Any CPU.Build.0 = Release|Any CPU
		{65DDDAC8-54EA-4116-A53D-05B126FD5A49}.Debug|Any CPU.ActiveCfg = Debug|Any CPU
		{65DDDAC8-54EA-4116-A53D-05B126FD5A49}.Debug|Any CPU.Build.0 = Debug|Any CPU
		{65DDDAC8-54EA-4116-A53D-05B126FD5A49}.Release|Any CPU.ActiveCfg = Release|Any CPU
		{65DDDAC8-54EA-4116-A53D-05B126FD5A49}.Release|Any CPU.Build.0 = Release|Any CPU
		{310E0B49-FB86-4ACB-B5F7-B415CE36798E}.AnyCPU|Any CPU.ActiveCfg = Release|Any CPU
		{310E0B49-FB86-4ACB-B5F7-B415CE36798E}.AnyCPU|Any CPU.Build.0 = Release|Any CPU
		{310E0B49-FB86-4ACB-B5F7-B415CE36798E}.Debug|Any CPU.ActiveCfg = Debug|Any CPU
		{310E0B49-FB86-4ACB-B5F7-B415CE36798E}.Debug|Any CPU.Build.0 = Debug|Any CPU
		{310E0B49-FB86-4ACB-B5F7-B415CE36798E}.Release|Any CPU.ActiveCfg = Release|Any CPU
		{310E0B49-FB86-4ACB-B5F7-B415CE36798E}.Release|Any CPU.Build.0 = Release|Any CPU
	EndGlobalSection
	GlobalSection(SolutionProperties) = preSolution
		HideSolutionNode = FALSE
	EndGlobalSection
	GlobalSection(ExtensibilityGlobals) = postSolution
		SolutionGuid = {D293642F-11FF-4959-A3DA-F0BEDC36A7FE}
	EndGlobalSection
EndGlobal
