
Microsoft Visual Studio Solution File, Format Version 12.00
# Visual Studio Version 16
VisualStudioVersion = 16.0.28407.52
MinimumVisualStudioVersion = 10.0.40219.1
Project("{FAE04EC0-301F-11D3-BF4B-00C04F79EFBC}") = "ModAPI", "ModAPI\ModAPI.csproj", "{65DDDAC8-54EA-4116-A53D-05B126FD5A49}"
EndProject
Project("{FAE04EC0-301F-11D3-BF4B-00C04F79EFBC}") = "ModApiInterface", "ModApiInterface\ModApiInterface.csproj", "{59C5939B-FA7D-4A62-9778-9653502CBB35}"
	ProjectSection(ProjectDependencies) = postProject
		{65DDDAC8-54EA-4116-A53D-05B126FD5A49} = {65DDDAC8-54EA-4116-A53D-05B126FD5A49}
	EndProjectSection
EndProject
Project("{FAE04EC0-301F-11D3-BF4B-00C04F79EFBC}") = "Secure Car Jack", "..\SecureCarJack\Secure Car Jack.csproj", "{310E0B49-FB86-4ACB-B5F7-B415CE36798E}"
	ProjectSection(ProjectDependencies) = postProject
		{65DDDAC8-54EA-4116-A53D-05B126FD5A49} = {65DDDAC8-54EA-4116-A53D-05B126FD5A49}
	EndProjectSection
EndProject
Project("{FAE04EC0-301F-11D3-BF4B-00C04F79EFBC}") = "SecureSpareTire", "..\SecureSpareTire\SecureSpareTire\SecureSpareTire.csproj", "{6BF1117C-58BC-44DB-A992-8232D3086163}"
	ProjectSection(ProjectDependencies) = postProject
		{65DDDAC8-54EA-4116-A53D-05B126FD5A49} = {65DDDAC8-54EA-4116-A53D-05B126FD5A49}
	EndProjectSection
EndProject
Project("{FAE04EC0-301F-11D3-BF4B-00C04F79EFBC}") = "TurboMod", "..\TurboMod\TurboMod\TurboMod.csproj", "{540FF47D-45B0-4A28-99B7-4E35D4EE3110}"
	ProjectSection(ProjectDependencies) = postProject
		{65DDDAC8-54EA-4116-A53D-05B126FD5A49} = {65DDDAC8-54EA-4116-A53D-05B126FD5A49}
	EndProjectSection
EndProject
Project("{FAE04EC0-301F-11D3-BF4B-00C04F79EFBC}") = "SecureWarningTriangle", "..\SecureWarningTriangle\SecureWarningTriangle\SecureWarningTriangle.csproj", "{5B6103E6-1AFF-417A-9491-82264B22AC21}"
EndProject
Global
	GlobalSection(SolutionConfigurationPlatforms) = preSolution
		Debug|x64 = Debug|x64
		Release|x64 = Release|x64
	EndGlobalSection
	GlobalSection(ProjectConfigurationPlatforms) = postSolution
		{65DDDAC8-54EA-4116-A53D-05B126FD5A49}.Debug|x64.ActiveCfg = Debug|x64
		{65DDDAC8-54EA-4116-A53D-05B126FD5A49}.Debug|x64.Build.0 = Debug|x64
		{65DDDAC8-54EA-4116-A53D-05B126FD5A49}.Release|x64.ActiveCfg = Release|x64
		{65DDDAC8-54EA-4116-A53D-05B126FD5A49}.Release|x64.Build.0 = Release|x64
		{59C5939B-FA7D-4A62-9778-9653502CBB35}.Debug|x64.ActiveCfg = Debug|x64
		{59C5939B-FA7D-4A62-9778-9653502CBB35}.Debug|x64.Build.0 = Debug|x64
		{59C5939B-FA7D-4A62-9778-9653502CBB35}.Release|x64.ActiveCfg = Release|x64
		{59C5939B-FA7D-4A62-9778-9653502CBB35}.Release|x64.Build.0 = Release|x64
		{310E0B49-FB86-4ACB-B5F7-B415CE36798E}.Debug|x64.ActiveCfg = Debug|x64
		{310E0B49-FB86-4ACB-B5F7-B415CE36798E}.Debug|x64.Build.0 = Debug|x64
		{310E0B49-FB86-4ACB-B5F7-B415CE36798E}.Release|x64.ActiveCfg = Release|x64
		{310E0B49-FB86-4ACB-B5F7-B415CE36798E}.Release|x64.Build.0 = Release|x64
		{6BF1117C-58BC-44DB-A992-8232D3086163}.Debug|x64.ActiveCfg = Debug|x64
		{6BF1117C-58BC-44DB-A992-8232D3086163}.Debug|x64.Build.0 = Debug|x64
		{6BF1117C-58BC-44DB-A992-8232D3086163}.Release|x64.ActiveCfg = Release|x64
		{6BF1117C-58BC-44DB-A992-8232D3086163}.Release|x64.Build.0 = Release|x64
		{540FF47D-45B0-4A28-99B7-4E35D4EE3110}.Debug|x64.ActiveCfg = Debug|x64
		{540FF47D-45B0-4A28-99B7-4E35D4EE3110}.Debug|x64.Build.0 = Debug|x64
		{540FF47D-45B0-4A28-99B7-4E35D4EE3110}.Release|x64.ActiveCfg = Release|x64
		{540FF47D-45B0-4A28-99B7-4E35D4EE3110}.Release|x64.Build.0 = Release|x64
		{5B6103E6-1AFF-417A-9491-82264B22AC21}.Debug|x64.ActiveCfg = Debug|x64
		{5B6103E6-1AFF-417A-9491-82264B22AC21}.Debug|x64.Build.0 = Debug|x64
		{5B6103E6-1AFF-417A-9491-82264B22AC21}.Release|x64.ActiveCfg = Release|x64
		{5B6103E6-1AFF-417A-9491-82264B22AC21}.Release|x64.Build.0 = Release|x64
	EndGlobalSection
	GlobalSection(SolutionProperties) = preSolution
		HideSolutionNode = FALSE
	EndGlobalSection
	GlobalSection(ExtensibilityGlobals) = postSolution
		SolutionGuid = {D293642F-11FF-4959-A3DA-F0BEDC36A7FE}
	EndGlobalSection
EndGlobal
